// !$*UTF8*$!
{
	archiveVersion = 1;
	classes = {
	};
	objectVersion = 46;
	objects = {

/* Begin PBXBuildFile section */
		845C8FDA1B344CB600FBB298 /* AppDelegate.swift in Sources */ = {isa = PBXBuildFile; fileRef = 845C8FD91B344CB600FBB298 /* AppDelegate.swift */; };
		845C8FDC1B344CB600FBB298 /* ViewController.swift in Sources */ = {isa = PBXBuildFile; fileRef = 845C8FDB1B344CB600FBB298 /* ViewController.swift */; };
		845C8FDF1B344CB600FBB298 /* Main.storyboard in Resources */ = {isa = PBXBuildFile; fileRef = 845C8FDD1B344CB600FBB298 /* Main.storyboard */; };
		845C8FE11B344CB600FBB298 /* Images.xcassets in Resources */ = {isa = PBXBuildFile; fileRef = 845C8FE01B344CB600FBB298 /* Images.xcassets */; };
		845C8FE41B344CB600FBB298 /* LaunchScreen.xib in Resources */ = {isa = PBXBuildFile; fileRef = 845C8FE21B344CB600FBB298 /* LaunchScreen.xib */; };
		845C8FF01B344CB600FBB298 /* Count_practice_6Tests.swift in Sources */ = {isa = PBXBuildFile; fileRef = 845C8FEF1B344CB600FBB298 /* Count_practice_6Tests.swift */; };
/* End PBXBuildFile section */

/* Begin PBXContainerItemProxy section */
		845C8FEA1B344CB600FBB298 /* PBXContainerItemProxy */ = {
			isa = PBXContainerItemProxy;
			containerPortal = 845C8FCC1B344CB600FBB298 /* Project object */;
			proxyType = 1;
			remoteGlobalIDString = 845C8FD31B344CB600FBB298;
			remoteInfo = Count_practice_6;
		};
/* End PBXContainerItemProxy section */

/* Begin PBXFileReference section */
		845C8FD41B344CB600FBB298 /* Count_practice_6.app */ = {isa = PBXFileReference; explicitFileType = wrapper.application; includeInIndex = 0; path = Count_practice_6.app; sourceTree = BUILT_PRODUCTS_DIR; };
		845C8FD81B344CB600FBB298 /* Info.plist */ = {isa = PBXFileReference; lastKnownFileType = text.plist.xml; path = Info.plist; sourceTree = "<group>"; };
		845C8FD91B344CB600FBB298 /* AppDelegate.swift */ = {isa = PBXFileReference; lastKnownFileType = sourcecode.swift; path = AppDelegate.swift; sourceTree = "<group>"; };
		845C8FDB1B344CB600FBB298 /* ViewController.swift */ = {isa = PBXFileReference; lastKnownFileType = sourcecode.swift; path = ViewController.swift; sourceTree = "<group>"; };
		845C8FDE1B344CB600FBB298 /* Base */ = {isa = PBXFileReference; lastKnownFileType = file.storyboard; name = Base; path = Base.lproj/Main.storyboard; sourceTree = "<group>"; };
		845C8FE01B344CB600FBB298 /* Images.xcassets */ = {isa = PBXFileReference; lastKnownFileType = folder.assetcatalog; path = Images.xcassets; sourceTree = "<group>"; };
		845C8FE31B344CB600FBB298 /* Base */ = {isa = PBXFileReference; lastKnownFileType = file.xib; name = Base; path = Base.lproj/LaunchScreen.xib; sourceTree = "<group>"; };
		845C8FE91B344CB600FBB298 /* Count_practice_6Tests.xctest */ = {isa = PBXFileReference; explicitFileType = wrapper.cfbundle; includeInIndex = 0; path = Count_practice_6Tests.xctest; sourceTree = BUILT_PRODUCTS_DIR; };
		845C8FEE1B344CB600FBB298 /* Info.plist */ = {isa = PBXFileReference; lastKnownFileType = text.plist.xml; path = Info.plist; sourceTree = "<group>"; };
		845C8FEF1B344CB600FBB298 /* Count_practice_6Tests.swift */ = {isa = PBXFileReference; lastKnownFileType = sourcecode.swift; path = Count_practice_6Tests.swift; sourceTree = "<group>"; };
/* End PBXFileReference section */

/* Begin PBXFrameworksBuildPhase section */
		845C8FD11B344CB600FBB298 /* Frameworks */ = {
			isa = PBXFrameworksBuildPhase;
			buildActionMask = 2147483647;
			files = (
			);
			runOnlyForDeploymentPostprocessing = 0;
		};
		845C8FE61B344CB600FBB298 /* Frameworks */ = {
			isa = PBXFrameworksBuildPhase;
			buildActionMask = 2147483647;
			files = (
			);
			runOnlyForDeploymentPostprocessing = 0;
		};
/* End PBXFrameworksBuildPhase section */

/* Begin PBXGroup section */
		845C8FCB1B344CB600FBB298 = {
			isa = PBXGroup;
			children = (
				845C8FD61B344CB600FBB298 /* Count_practice_6 */,
				845C8FEC1B344CB600FBB298 /* Count_practice_6Tests */,
				845C8FD51B344CB600FBB298 /* Products */,
			);
			sourceTree = "<group>";
		};
		845C8FD51B344CB600FBB298 /* Products */ = {
			isa = PBXGroup;
			children = (
				845C8FD41B344CB600FBB298 /* Count_practice_6.app */,
				845C8FE91B344CB600FBB298 /* Count_practice_6Tests.xctest */,
			);
			name = Products;
			sourceTree = "<group>";
		};
		845C8FD61B344CB600FBB298 /* Count_practice_6 */ = {
			isa = PBXGroup;
			children = (
				845C8FD91B344CB600FBB298 /* AppDelegate.swift */,
				845C8FDB1B344CB600FBB298 /* ViewController.swift */,
				845C8FDD1B344CB600FBB298 /* Main.storyboard */,
				845C8FE01B344CB600FBB298 /* Images.xcassets */,
				845C8FE21B344CB600FBB298 /* LaunchScreen.xib */,
				845C8FD71B344CB600FBB298 /* Supporting Files */,
			);
			path = Count_practice_6;
			sourceTree = "<group>";
		};
		845C8FD71B344CB600FBB298 /* Supporting Files */ = {
			isa = PBXGroup;
			children = (
				845C8FD81B344CB600FBB298 /* Info.plist */,
			);
			name = "Supporting Files";
			sourceTree = "<group>";
		};
		845C8FEC1B344CB600FBB298 /* Count_practice_6Tests */ = {
			isa = PBXGroup;
			children = (
				845C8FEF1B344CB600FBB298 /* Count_practice_6Tests.swift */,
				845C8FED1B344CB600FBB298 /* Supporting Files */,
			);
			path = Count_practice_6Tests;
			sourceTree = "<group>";
		};
		845C8FED1B344CB600FBB298 /* Supporting Files */ = {
			isa = PBXGroup;
			children = (
				845C8FEE1B344CB600FBB298 /* Info.plist */,
			);
			name = "Supporting Files";
			sourceTree = "<group>";
		};
/* End PBXGroup section */

/* Begin PBXNativeTarget section */
		845C8FD31B344CB600FBB298 /* Count_practice_6 */ = {
			isa = PBXNativeTarget;
			buildConfigurationList = 845C8FF31B344CB600FBB298 /* Build configuration list for PBXNativeTarget "Count_practice_6" */;
			buildPhases = (
				845C8FD01B344CB600FBB298 /* Sources */,
				845C8FD11B344CB600FBB298 /* Frameworks */,
				845C8FD21B344CB600FBB298 /* Resources */,
			);
			buildRules = (
			);
			dependencies = (
			);
			name = Count_practice_6;
			productName = Count_practice_6;
			productReference = 845C8FD41B344CB600FBB298 /* Count_practice_6.app */;
			productType = "com.apple.product-type.application";
		};
		845C8FE81B344CB600FBB298 /* Count_practice_6Tests */ = {
			isa = PBXNativeTarget;
			buildConfigurationList = 845C8FF61B344CB600FBB298 /* Build configuration list for PBXNativeTarget "Count_practice_6Tests" */;
			buildPhases = (
				845C8FE51B344CB600FBB298 /* Sources */,
				845C8FE61B344CB600FBB298 /* Frameworks */,
				845C8FE71B344CB600FBB298 /* Resources */,
			);
			buildRules = (
			);
			dependencies = (
				845C8FEB1B344CB600FBB298 /* PBXTargetDependency */,
			);
			name = Count_practice_6Tests;
			productName = Count_practice_6Tests;
			productReference = 845C8FE91B344CB600FBB298 /* Count_practice_6Tests.xctest */;
			productType = "com.apple.product-type.bundle.unit-test";
		};
/* End PBXNativeTarget section */

/* Begin PBXProject section */
		845C8FCC1B344CB600FBB298 /* Project object */ = {
			isa = PBXProject;
			attributes = {
				LastUpgradeCheck = 0630;
				ORGANIZATIONNAME = "高田早記";
				TargetAttributes = {
					845C8FD31B344CB600FBB298 = {
						CreatedOnToolsVersion = 6.3.1;
					};
					845C8FE81B344CB600FBB298 = {
						CreatedOnToolsVersion = 6.3.1;
						TestTargetID = 845C8FD31B344CB600FBB298;
					};
				};
			};
			buildConfigurationList = 845C8FCF1B344CB600FBB298 /* Build configuration list for PBXProject "Count_practice_6" */;
			compatibilityVersion = "Xcode 3.2";
			developmentRegion = English;
			hasScannedForEncodings = 0;
			knownRegions = (
				en,
				Base,
			);
			mainGroup = 845C8FCB1B344CB600FBB298;
			productRefGroup = 845C8FD51B344CB600FBB298 /* Products */;
			projectDirPath = "";
			projectRoot = "";
			targets = (
				845C8FD31B344CB600FBB298 /* Count_practice_6 */,
				845C8FE81B344CB600FBB298 /* Count_practice_6Tests */,
			);
		};
/* End PBXProject section */

/* Begin PBXResourcesBuildPhase section */
		845C8FD21B344CB600FBB298 /* Resources */ = {
			isa = PBXResourcesBuildPhase;
			buildActionMask = 2147483647;
			files = (
				845C8FDF1B344CB600FBB298 /* Main.storyboard in Resources */,
				845C8FE41B344CB600FBB298 /* LaunchScreen.xib in Resources */,
				845C8FE11B344CB600FBB298 /* Images.xcassets in Resources */,
			);
			runOnlyForDeploymentPostprocessing = 0;
		};
		845C8FE71B344CB600FBB298 /* Resources */ = {
			isa = PBXResourcesBuildPhase;
			buildActionMask = 2147483647;
			files = (
			);
			runOnlyForDeploymentPostprocessing = 0;
		};
/* End PBXResourcesBuildPhase section */

/* Begin PBXSourcesBuildPhase section */
		845C8FD01B344CB600FBB298 /* Sources */ = {
			isa = PBXSourcesBuildPhase;
			buildActionMask = 2147483647;
			files = (
				845C8FDC1B344CB600FBB298 /* ViewController.swift in Sources */,
				845C8FDA1B344CB600FBB298 /* AppDelegate.swift in Sources */,
			);
			runOnlyForDeploymentPostprocessing = 0;
		};
		845C8FE51B344CB600FBB298 /* Sources */ = {
			isa = PBXSourcesBuildPhase;
			buildActionMask = 2147483647;
			files = (
				845C8FF01B344CB600FBB298 /* Count_practice_6Tests.swift in Sources */,
			);
			runOnlyForDeploymentPostprocessing = 0;
		};
/* End PBXSourcesBuildPhase section */

/* Begin PBXTargetDependency section */
		845C8FEB1B344CB600FBB298 /* PBXTargetDependency */ = {
			isa = PBXTargetDependency;
			target = 845C8FD31B344CB600FBB298 /* Count_practice_6 */;
			targetProxy = 845C8FEA1B344CB600FBB298 /* PBXContainerItemProxy */;
		};
/* End PBXTargetDependency section */

/* Begin PBXVariantGroup section */
		845C8FDD1B344CB600FBB298 /* Main.storyboard */ = {
			isa = PBXVariantGroup;
			children = (
				845C8FDE1B344CB600FBB298 /* Base */,
			);
			name = Main.storyboard;
			sourceTree = "<group>";
		};
		845C8FE21B344CB600FBB298 /* LaunchScreen.xib */ = {
			isa = PBXVariantGroup;
			children = (
				845C8FE31B344CB600FBB298 /* Base */,
			);
			name = LaunchScreen.xib;
			sourceTree = "<group>";
		};
/* End PBXVariantGroup section */

/* Begin XCBuildConfiguration section */
		845C8FF11B344CB600FBB298 /* Debug */ = {
			isa = XCBuildConfiguration;
			buildSettings = {
				ALWAYS_SEARCH_USER_PATHS = NO;
				CLANG_CXX_LANGUAGE_STANDARD = "gnu++0x";
				CLANG_CXX_LIBRARY = "libc++";
				CLANG_ENABLE_MODULES = YES;
				CLANG_ENABLE_OBJC_ARC = YES;
				CLANG_WARN_BOOL_CONVERSION = YES;
				CLANG_WARN_CONSTANT_CONVERSION = YES;
				CLANG_WARN_DIRECT_OBJC_ISA_USAGE = YES_ERROR;
				CLANG_WARN_EMPTY_BODY = YES;
				CLANG_WARN_ENUM_CONVERSION = YES;
				CLANG_WARN_INT_CONVERSION = YES;
				CLANG_WARN_OBJC_ROOT_CLASS = YES_ERROR;
				CLANG_WARN_UNREACHABLE_CODE = YES;
				CLANG_WARN__DUPLICATE_METHOD_MATCH = YES;
				"CODE_SIGN_IDENTITY[sdk=iphoneos*]" = "iPhone Developer";
				COPY_PHASE_STRIP = NO;
				DEBUG_INFORMATION_FORMAT = "dwarf-with-dsym";
				ENABLE_STRICT_OBJC_MSGSEND = YES;
				GCC_C_LANGUAGE_STANDARD = gnu99;
				GCC_DYNAMIC_NO_PIC = NO;
				GCC_NO_COMMON_BLOCKS = YES;
				GCC_OPTIMIZATION_LEVEL = 0;
				GCC_PREPROCESSOR_DEFINITIONS = (
					"DEBUG=1",
					"$(inherited)",
				);
				GCC_SYMBOLS_PRIVATE_EXTERN = NO;
				GCC_WARN_64_TO_32_BIT_CONVERSION = YES;
				GCC_WARN_ABOUT_RETURN_TYPE = YES_ERROR;
				GCC_WARN_UNDECLARED_SELECTOR = YES;
				GCC_WARN_UNINITIALIZED_AUTOS = YES_AGGRESSIVE;
				GCC_WARN_UNUSED_FUNCTION = YES;
				GCC_WARN_UNUSED_VARIABLE = YES;
				IPHONEOS_DEPLOYMENT_TARGET = 8.3;
				MTL_ENABLE_DEBUG_INFO = YES;
				ONLY_ACTIVE_ARCH = YES;
				SDKROOT = iphoneos;
				SWIFT_OPTIMIZATION_LEVEL = "-Onone";
			};
			name = Debug;
		};
		845C8FF21B344CB600FBB298 /* Release */ = {
			isa = XCBuildConfiguration;
			buildSettings = {
				ALWAYS_SEARCH_USER_PATHS = NO;
				CLANG_CXX_LANGUAGE_STANDARD = "gnu++0x";
				CLANG_CXX_LIBRARY = "libc++";
				CLANG_ENABLE_MODULES = YES;
				CLANG_ENABLE_OBJC_ARC = YES;
				CLANG_WARN_BOOL_CONVERSION = YES;
				CLANG_WARN_CONSTANT_CONVERSION = YES;
				CLANG_WARN_DIRECT_OBJC_ISA_USAGE = YES_ERROR;
				CLANG_WARN_EMPTY_BODY = YES;
				CLANG_WARN_ENUM_CONVERSION = YES;
				CLANG_WARN_INT_CONVERSION = YES;
				CLANG_WARN_OBJC_ROOT_CLASS = YES_ERROR;
				CLANG_WARN_UNREACHABLE_CODE = YES;
				CLANG_WARN__DUPLICATE_METHOD_MATCH = YES;
				"CODE_SIGN_IDENTITY[sdk=iphoneos*]" = "iPhone Developer";
				COPY_PHASE_STRIP = NO;
				DEBUG_INFORMATION_FORMAT = "dwarf-with-dsym";
				ENABLE_NS_ASSERTIONS = NO;
				ENABLE_STRICT_OBJC_MSGSEND = YES;
				GCC_C_LANGUAGE_STANDARD = gnu99;
				GCC_NO_COMMON_BLOCKS = YES;
				GCC_WARN_64_TO_32_BIT_CONVERSION = YES;
				GCC_WARN_ABOUT_RETURN_TYPE = YES_ERROR;
				GCC_WARN_UNDECLARED_SELECTOR = YES;
				GCC_WARN_UNINITIALIZED_AUTOS = YES_AGGRESSIVE;
				GCC_WARN_UNUSED_FUNCTION = YES;
				GCC_WARN_UNUSED_VARIABLE = YES;
				IPHONEOS_DEPLOYMENT_TARGET = 8.3;
				MTL_ENABLE_DEBUG_INFO = NO;
				SDKROOT = iphoneos;
				VALIDATE_PRODUCT = YES;
			};
			name = Release;
		};
		845C8FF41B344CB600FBB298 /* Debug */ = {
			isa = XCBuildConfiguration;
			buildSettings = {
				ASSETCATALOG_COMPILER_APPICON_NAME = AppIcon;
				INFOPLIST_FILE = Count_practice_6/Info.plist;
				LD_RUNPATH_SEARCH_PATHS = "$(inherited) @executable_path/Frameworks";
				PRODUCT_NAME = "$(TARGET_NAME)";
			};
			name = Debug;
		};
		845C8FF51B344CB600FBB298 /* Release */ = {
			isa = XCBuildConfiguration;
			buildSettings = {
				ASSETCATALOG_COMPILER_APPICON_NAME = AppIcon;
				INFOPLIST_FILE = Count_practice_6/Info.plist;
				LD_RUNPATH_SEARCH_PATHS = "$(inherited) @executable_path/Frameworks";
				PRODUCT_NAME = "$(TARGET_NAME)";
			};
			name = Release;
		};
		845C8FF71B344CB600FBB298 /* Debug */ = {
			isa = XCBuildConfiguration;
			buildSettings = {
				BUNDLE_LOADER = "$(TEST_HOST)";
				FRAMEWORK_SEARCH_PATHS = (
					"$(SDKROOT)/Developer/Library/Frameworks",
					"$(inherited)",
				);
				GCC_PREPROCESSOR_DEFINITIONS = (
					"DEBUG=1",
					"$(inherited)",
				);
				INFOPLIST_FILE = Count_practice_6Tests/Info.plist;
				LD_RUNPATH_SEARCH_PATHS = "$(inherited) @executable_path/Frameworks @loader_path/Frameworks";
				PRODUCT_NAME = "$(TARGET_NAME)";
				TEST_HOST = "$(BUILT_PRODUCTS_DIR)/Count_practice_6.app/Count_practice_6";
			};
			name = Debug;
		};
		845C8FF81B344CB600FBB298 /* Release */ = {
			isa = XCBuildConfiguration;
			buildSettings = {
				BUNDLE_LOADER = "$(TEST_HOST)";
				FRAMEWORK_SEARCH_PATHS = (
					"$(SDKROOT)/Developer/Library/Frameworks",
					"$(inherited)",
				);
				INFOPLIST_FILE = Count_practice_6Tests/Info.plist;
				LD_RUNPATH_SEARCH_PATHS = "$(inherited) @executable_path/Frameworks @loader_path/Frameworks";
				PRODUCT_NAME = "$(TARGET_NAME)";
				TEST_HOST = "$(BUILT_PRODUCTS_DIR)/Count_practice_6.app/Count_practice_6";
			};
			name = Release;
		};
/* End XCBuildConfiguration section */

/* Begin XCConfigurationList section */
		845C8FCF1B344CB600FBB298 /* Build configuration list for PBXProject "Count_practice_6" */ = {
			isa = XCConfigurationList;
			buildConfigurations = (
				845C8FF11B344CB600FBB298 /* Debug */,
				845C8FF21B344CB600FBB298 /* Release */,
			);
			defaultConfigurationIsVisible = 0;
			defaultConfigurationName = Release;
		};
		845C8FF31B344CB600FBB298 /* Build configuration list for PBXNativeTarget "Count_practice_6" */ = {
			isa = XCConfigurationList;
			buildConfigurations = (
				845C8FF41B344CB600FBB298 /* Debug */,
				845C8FF51B344CB600FBB298 /* Release */,
			);
			defaultConfigurationIsVisible = 0;
		};
		845C8FF61B344CB600FBB298 /* Build configuration list for PBXNativeTarget "Count_practice_6Tests" */ = {
			isa = XCConfigurationList;
			buildConfigurations = (
				845C8FF71B344CB600FBB298 /* Debug */,
				845C8FF81B344CB600FBB298 /* Release */,
			);
			defaultConfigurationIsVisible = 0;
		};
/* End XCConfigurationList section */
	};
	rootObject = 845C8FCC1B344CB600FBB298 /* Project object */;
}
